
Microsoft Visual Studio Solution File, Format Version 12.00
# Visual Studio Version 16
VisualStudioVersion = 16.0.29418.71
MinimumVisualStudioVersion = 10.0.40219.1
Project("{FAE04EC0-301F-11D3-BF4B-00C04F79EFBC}") = "Serial-Console", "Serial-Console\Serial-Console.csproj", "{0A441937-1C52-4DC4-AF3A-3B61412EC99E}"
EndProject
Global
	GlobalSection(SolutionConfigurationPlatforms) = preSolution
		Debug|Any CPU = Debug|Any CPU
		Release|Any CPU = Release|Any CPU
	EndGlobalSection
	GlobalSection(ProjectConfigurationPlatforms) = postSolution
		{0A441937-1C52-4DC4-AF3A-3B61412EC99E}.Debug|Any CPU.ActiveCfg = Debug|Any CPU
		{0A441937-1C52-4DC4-AF3A-3B61412EC99E}.Debug|Any CPU.Build.0 = Debug|Any CPU
		{0A441937-1C52-4DC4-AF3A-3B61412EC99E}.Release|Any CPU.ActiveCfg = Release|Any CPU
		{0A441937-1C52-4DC4-AF3A-3B61412EC99E}.Release|Any CPU.Build.0 = Release|Any CPU
	EndGlobalSection
	GlobalSection(SolutionProperties) = preSolution
		HideSolutionNode = FALSE
	EndGlobalSection
	GlobalSection(ExtensibilityGlobals) = postSolution
		SolutionGuid = {4E31E76C-DF7C-4BD8-BFA5-0BEFF7BBE436}
	EndGlobalSection
EndGlobal
